
Microsoft Visual Studio Solution File, Format Version 12.00
# Visual Studio 15
VisualStudioVersion = 15.0.28307.329
MinimumVisualStudioVersion = 10.0.40219.1
Project("{FAE04EC0-301F-11D3-BF4B-00C04F79EFBC}") = "Appli_Restos.Android", "Appli_Restos\Appli_Restos.Android\Appli_Restos.Android.csproj", "{43CFC35A-F6C6-4ECE-B5D3-1F964B2E3862}"
EndProject
Project("{FAE04EC0-301F-11D3-BF4B-00C04F79EFBC}") = "Appli_Restos.iOS", "Appli_Restos\Appli_Restos.iOS\Appli_Restos.iOS.csproj", "{6AC1340B-2023-4741-8312-1E6C21E0364D}"
EndProject
Project("{FAE04EC0-301F-11D3-BF4B-00C04F79EFBC}") = "Appli_Restos", "Appli_Restos\Appli_Restos\Appli_Restos.csproj", "{420408EE-A79C-4C07-9D0A-5C60B028D15E}"
EndProject
Global
	GlobalSection(SolutionConfigurationPlatforms) = preSolution
		Ad-Hoc|Any CPU = Ad-Hoc|Any CPU
		Ad-Hoc|iPhone = Ad-Hoc|iPhone
		Ad-Hoc|iPhoneSimulator = Ad-Hoc|iPhoneSimulator
		AppStore|Any CPU = AppStore|Any CPU
		AppStore|iPhone = AppStore|iPhone
		AppStore|iPhoneSimulator = AppStore|iPhoneSimulator
		Debug|Any CPU = Debug|Any CPU
		Debug|iPhone = Debug|iPhone
		Debug|iPhoneSimulator = Debug|iPhoneSimulator
		Release|Any CPU = Release|Any CPU
		Release|iPhone = Release|iPhone
		Release|iPhoneSimulator = Release|iPhoneSimulator
	EndGlobalSection
	GlobalSection(ProjectConfigurationPlatforms) = postSolution
		{43CFC35A-F6C6-4ECE-B5D3-1F964B2E3862}.Ad-Hoc|Any CPU.ActiveCfg = Release|Any CPU
		{43CFC35A-F6C6-4ECE-B5D3-1F964B2E3862}.Ad-Hoc|Any CPU.Build.0 = Release|Any CPU
		{43CFC35A-F6C6-4ECE-B5D3-1F964B2E3862}.Ad-Hoc|Any CPU.Deploy.0 = Release|Any CPU
		{43CFC35A-F6C6-4ECE-B5D3-1F964B2E3862}.Ad-Hoc|iPhone.ActiveCfg = Release|Any CPU
		{43CFC35A-F6C6-4ECE-B5D3-1F964B2E3862}.Ad-Hoc|iPhone.Build.0 = Release|Any CPU
		{43CFC35A-F6C6-4ECE-B5D3-1F964B2E3862}.Ad-Hoc|iPhone.Deploy.0 = Release|Any CPU
		{43CFC35A-F6C6-4ECE-B5D3-1F964B2E3862}.Ad-Hoc|iPhoneSimulator.ActiveCfg = Release|Any CPU
		{43CFC35A-F6C6-4ECE-B5D3-1F964B2E3862}.Ad-Hoc|iPhoneSimulator.Build.0 = Release|Any CPU
		{43CFC35A-F6C6-4ECE-B5D3-1F964B2E3862}.Ad-Hoc|iPhoneSimulator.Deploy.0 = Release|Any CPU
		{43CFC35A-F6C6-4ECE-B5D3-1F964B2E3862}.AppStore|Any CPU.ActiveCfg = Release|Any CPU
		{43CFC35A-F6C6-4ECE-B5D3-1F964B2E3862}.AppStore|Any CPU.Build.0 = Release|Any CPU
		{43CFC35A-F6C6-4ECE-B5D3-1F964B2E3862}.AppStore|Any CPU.Deploy.0 = Release|Any CPU
		{43CFC35A-F6C6-4ECE-B5D3-1F964B2E3862}.AppStore|iPhone.ActiveCfg = Release|Any CPU
		{43CFC35A-F6C6-4ECE-B5D3-1F964B2E3862}.AppStore|iPhone.Build.0 = Release|Any CPU
		{43CFC35A-F6C6-4ECE-B5D3-1F964B2E3862}.AppStore|iPhone.Deploy.0 = Release|Any CPU
		{43CFC35A-F6C6-4ECE-B5D3-1F964B2E3862}.AppStore|iPhoneSimulator.ActiveCfg = Release|Any CPU
		{43CFC35A-F6C6-4ECE-B5D3-1F964B2E3862}.AppStore|iPhoneSimulator.Build.0 = Release|Any CPU
		{43CFC35A-F6C6-4ECE-B5D3-1F964B2E3862}.AppStore|iPhoneSimulator.Deploy.0 = Release|Any CPU
		{43CFC35A-F6C6-4ECE-B5D3-1F964B2E3862}.Debug|Any CPU.ActiveCfg = Debug|Any CPU
		{43CFC35A-F6C6-4ECE-B5D3-1F964B2E3862}.Debug|Any CPU.Build.0 = Debug|Any CPU
		{43CFC35A-F6C6-4ECE-B5D3-1F964B2E3862}.Debug|Any CPU.Deploy.0 = Debug|Any CPU
		{43CFC35A-F6C6-4ECE-B5D3-1F964B2E3862}.Debug|iPhone.ActiveCfg = Debug|Any CPU
		{43CFC35A-F6C6-4ECE-B5D3-1F964B2E3862}.Debug|iPhone.Build.0 = Debug|Any CPU
		{43CFC35A-F6C6-4ECE-B5D3-1F964B2E3862}.Debug|iPhone.Deploy.0 = Debug|Any CPU
		{43CFC35A-F6C6-4ECE-B5D3-1F964B2E3862}.Debug|iPhoneSimulator.ActiveCfg = Debug|Any CPU
		{43CFC35A-F6C6-4ECE-B5D3-1F964B2E3862}.Debug|iPhoneSimulator.Build.0 = Debug|Any CPU
		{43CFC35A-F6C6-4ECE-B5D3-1F964B2E3862}.Debug|iPhoneSimulator.Deploy.0 = Debug|Any CPU
		{43CFC35A-F6C6-4ECE-B5D3-1F964B2E3862}.Release|Any CPU.ActiveCfg = Release|Any CPU
		{43CFC35A-F6C6-4ECE-B5D3-1F964B2E3862}.Release|Any CPU.Build.0 = Release|Any CPU
		{43CFC35A-F6C6-4ECE-B5D3-1F964B2E3862}.Release|Any CPU.Deploy.0 = Release|Any CPU
		{43CFC35A-F6C6-4ECE-B5D3-1F964B2E3862}.Release|iPhone.ActiveCfg = Release|Any CPU
		{43CFC35A-F6C6-4ECE-B5D3-1F964B2E3862}.Release|iPhone.Build.0 = Release|Any CPU
		{43CFC35A-F6C6-4ECE-B5D3-1F964B2E3862}.Release|iPhone.Deploy.0 = Release|Any CPU
		{43CFC35A-F6C6-4ECE-B5D3-1F964B2E3862}.Release|iPhoneSimulator.ActiveCfg = Release|Any CPU
		{43CFC35A-F6C6-4ECE-B5D3-1F964B2E3862}.Release|iPhoneSimulator.Build.0 = Release|Any CPU
		{43CFC35A-F6C6-4ECE-B5D3-1F964B2E3862}.Release|iPhoneSimulator.Deploy.0 = Release|Any CPU
		{6AC1340B-2023-4741-8312-1E6C21E0364D}.Ad-Hoc|Any CPU.ActiveCfg = Ad-Hoc|iPhone
		{6AC1340B-2023-4741-8312-1E6C21E0364D}.Ad-Hoc|Any CPU.Build.0 = Ad-Hoc|iPhone
		{6AC1340B-2023-4741-8312-1E6C21E0364D}.Ad-Hoc|Any CPU.Deploy.0 = Ad-Hoc|iPhone
		{6AC1340B-2023-4741-8312-1E6C21E0364D}.Ad-Hoc|iPhone.ActiveCfg = Ad-Hoc|iPhone
		{6AC1340B-2023-4741-8312-1E6C21E0364D}.Ad-Hoc|iPhone.Build.0 = Ad-Hoc|iPhone
		{6AC1340B-2023-4741-8312-1E6C21E0364D}.Ad-Hoc|iPhone.Deploy.0 = Ad-Hoc|iPhone
		{6AC1340B-2023-4741-8312-1E6C21E0364D}.Ad-Hoc|iPhoneSimulator.ActiveCfg = Ad-Hoc|iPhoneSimulator
		{6AC1340B-2023-4741-8312-1E6C21E0364D}.Ad-Hoc|iPhoneSimulator.Build.0 = Ad-Hoc|iPhoneSimulator
		{6AC1340B-2023-4741-8312-1E6C21E0364D}.Ad-Hoc|iPhoneSimulator.Deploy.0 = Ad-Hoc|iPhoneSimulator
		{6AC1340B-2023-4741-8312-1E6C21E0364D}.AppStore|Any CPU.ActiveCfg = AppStore|iPhone
		{6AC1340B-2023-4741-8312-1E6C21E0364D}.AppStore|Any CPU.Build.0 = AppStore|iPhone
		{6AC1340B-2023-4741-8312-1E6C21E0364D}.AppStore|Any CPU.Deploy.0 = AppStore|iPhone
		{6AC1340B-2023-4741-8312-1E6C21E0364D}.AppStore|iPhone.ActiveCfg = AppStore|iPhone
		{6AC1340B-2023-4741-8312-1E6C21E0364D}.AppStore|iPhone.Build.0 = AppStore|iPhone
		{6AC1340B-2023-4741-8312-1E6C21E0364D}.AppStore|iPhone.Deploy.0 = AppStore|iPhone
		{6AC1340B-2023-4741-8312-1E6C21E0364D}.AppStore|iPhoneSimulator.ActiveCfg = AppStore|iPhoneSimulator
		{6AC1340B-2023-4741-8312-1E6C21E0364D}.AppStore|iPhoneSimulator.Build.0 = AppStore|iPhoneSimulator
		{6AC1340B-2023-4741-8312-1E6C21E0364D}.AppStore|iPhoneSimulator.Deploy.0 = AppStore|iPhoneSimulator
		{6AC1340B-2023-4741-8312-1E6C21E0364D}.Debug|Any CPU.ActiveCfg = Debug|iPhoneSimulator
		{6AC1340B-2023-4741-8312-1E6C21E0364D}.Debug|Any CPU.Build.0 = Debug|iPhoneSimulator
		{6AC1340B-2023-4741-8312-1E6C21E0364D}.Debug|Any CPU.Deploy.0 = Debug|iPhoneSimulator
		{6AC1340B-2023-4741-8312-1E6C21E0364D}.Debug|iPhone.ActiveCfg = Debug|iPhone
		{6AC1340B-2023-4741-8312-1E6C21E0364D}.Debug|iPhone.Build.0 = Debug|iPhone
		{6AC1340B-2023-4741-8312-1E6C21E0364D}.Debug|iPhone.Deploy.0 = Debug|iPhone
		{6AC1340B-2023-4741-8312-1E6C21E0364D}.Debug|iPhoneSimulator.ActiveCfg = Debug|iPhoneSimulator
		{6AC1340B-2023-4741-8312-1E6C21E0364D}.Debug|iPhoneSimulator.Build.0 = Debug|iPhoneSimulator
		{6AC1340B-2023-4741-8312-1E6C21E0364D}.Debug|iPhoneSimulator.Deploy.0 = Debug|iPhoneSimulator
		{6AC1340B-2023-4741-8312-1E6C21E0364D}.Release|Any CPU.ActiveCfg = Release|iPhone
		{6AC1340B-2023-4741-8312-1E6C21E0364D}.Release|Any CPU.Build.0 = Release|iPhone
		{6AC1340B-2023-4741-8312-1E6C21E0364D}.Release|Any CPU.Deploy.0 = Release|iPhone
		{6AC1340B-2023-4741-8312-1E6C21E0364D}.Release|iPhone.ActiveCfg = Release|iPhone
		{6AC1340B-2023-4741-8312-1E6C21E0364D}.Release|iPhone.Build.0 = Release|iPhone
		{6AC1340B-2023-4741-8312-1E6C21E0364D}.Release|iPhone.Deploy.0 = Release|iPhone
		{6AC1340B-2023-4741-8312-1E6C21E0364D}.Release|iPhoneSimulator.ActiveCfg = Release|iPhoneSimulator
		{6AC1340B-2023-4741-8312-1E6C21E0364D}.Release|iPhoneSimulator.Build.0 = Release|iPhoneSimulator
		{6AC1340B-2023-4741-8312-1E6C21E0364D}.Release|iPhoneSimulator.Deploy.0 = Release|iPhoneSimulator
		{420408EE-A79C-4C07-9D0A-5C60B028D15E}.Ad-Hoc|Any CPU.ActiveCfg = Debug|Any CPU
		{420408EE-A79C-4C07-9D0A-5C60B028D15E}.Ad-Hoc|Any CPU.Build.0 = Debug|Any CPU
		{420408EE-A79C-4C07-9D0A-5C60B028D15E}.Ad-Hoc|Any CPU.Deploy.0 = Debug|Any CPU
		{420408EE-A79C-4C07-9D0A-5C60B028D15E}.Ad-Hoc|iPhone.ActiveCfg = Debug|Any CPU
		{420408EE-A79C-4C07-9D0A-5C60B028D15E}.Ad-Hoc|iPhone.Build.0 = Debug|Any CPU
		{420408EE-A79C-4C07-9D0A-5C60B028D15E}.Ad-Hoc|iPhone.Deploy.0 = Debug|Any CPU
		{420408EE-A79C-4C07-9D0A-5C60B028D15E}.Ad-Hoc|iPhoneSimulator.ActiveCfg = Debug|Any CPU
		{420408EE-A79C-4C07-9D0A-5C60B028D15E}.Ad-Hoc|iPhoneSimulator.Build.0 = Debug|Any CPU
		{420408EE-A79C-4C07-9D0A-5C60B028D15E}.Ad-Hoc|iPhoneSimulator.Deploy.0 = Debug|Any CPU
		{420408EE-A79C-4C07-9D0A-5C60B028D15E}.AppStore|Any CPU.ActiveCfg = Debug|Any CPU
		{420408EE-A79C-4C07-9D0A-5C60B028D15E}.AppStore|Any CPU.Build.0 = Debug|Any CPU
		{420408EE-A79C-4C07-9D0A-5C60B028D15E}.AppStore|Any CPU.Deploy.0 = Debug|Any CPU
		{420408EE-A79C-4C07-9D0A-5C60B028D15E}.AppStore|iPhone.ActiveCfg = Debug|Any CPU
		{420408EE-A79C-4C07-9D0A-5C60B028D15E}.AppStore|iPhone.Build.0 = Debug|Any CPU
		{420408EE-A79C-4C07-9D0A-5C60B028D15E}.AppStore|iPhone.Deploy.0 = Debug|Any CPU
		{420408EE-A79C-4C07-9D0A-5C60B028D15E}.AppStore|iPhoneSimulator.ActiveCfg = Debug|Any CPU
		{420408EE-A79C-4C07-9D0A-5C60B028D15E}.AppStore|iPhoneSimulator.Build.0 = Debug|Any CPU
		{420408EE-A79C-4C07-9D0A-5C60B028D15E}.AppStore|iPhoneSimulator.Deploy.0 = Debug|Any CPU
		{420408EE-A79C-4C07-9D0A-5C60B028D15E}.Debug|Any CPU.ActiveCfg = Debug|Any CPU
		{420408EE-A79C-4C07-9D0A-5C60B028D15E}.Debug|Any CPU.Build.0 = Debug|Any CPU
		{420408EE-A79C-4C07-9D0A-5C60B028D15E}.Debug|Any CPU.Deploy.0 = Debug|Any CPU
		{420408EE-A79C-4C07-9D0A-5C60B028D15E}.Debug|iPhone.ActiveCfg = Debug|Any CPU
		{420408EE-A79C-4C07-9D0A-5C60B028D15E}.Debug|iPhone.Build.0 = Debug|Any CPU
		{420408EE-A79C-4C07-9D0A-5C60B028D15E}.Debug|iPhone.Deploy.0 = Debug|Any CPU
		{420408EE-A79C-4C07-9D0A-5C60B028D15E}.Debug|iPhoneSimulator.ActiveCfg = Debug|Any CPU
		{420408EE-A79C-4C07-9D0A-5C60B028D15E}.Debug|iPhoneSimulator.Build.0 = Debug|Any CPU
		{420408EE-A79C-4C07-9D0A-5C60B028D15E}.Debug|iPhoneSimulator.Deploy.0 = Debug|Any CPU
		{420408EE-A79C-4C07-9D0A-5C60B028D15E}.Release|Any CPU.ActiveCfg = Release|Any CPU
		{420408EE-A79C-4C07-9D0A-5C60B028D15E}.Release|Any CPU.Build.0 = Release|Any CPU
		{420408EE-A79C-4C07-9D0A-5C60B028D15E}.Release|Any CPU.Deploy.0 = Release|Any CPU
		{420408EE-A79C-4C07-9D0A-5C60B028D15E}.Release|iPhone.ActiveCfg = Release|Any CPU
		{420408EE-A79C-4C07-9D0A-5C60B028D15E}.Release|iPhone.Build.0 = Release|Any CPU
		{420408EE-A79C-4C07-9D0A-5C60B028D15E}.Release|iPhone.Deploy.0 = Release|Any CPU
		{420408EE-A79C-4C07-9D0A-5C60B028D15E}.Release|iPhoneSimulator.ActiveCfg = Release|Any CPU
		{420408EE-A79C-4C07-9D0A-5C60B028D15E}.Release|iPhoneSimulator.Build.0 = Release|Any CPU
		{420408EE-A79C-4C07-9D0A-5C60B028D15E}.Release|iPhoneSimulator.Deploy.0 = Release|Any CPU
	EndGlobalSection
	GlobalSection(SolutionProperties) = preSolution
		HideSolutionNode = FALSE
	EndGlobalSection
	GlobalSection(ExtensibilityGlobals) = postSolution
		SolutionGuid = {76AF75B0-A676-4D67-B3F7-A7393C32E528}
	EndGlobalSection
EndGlobal
